// !$*UTF8*$!
{
	archiveVersion = 1;
	classes = {
	};
	objectVersion = 55;
	objects = {

/* Begin PBXBuildFile section */
		3C81D9032872C80700B7270E /* AppDelegate.swift in Sources */ = {isa = PBXBuildFile; fileRef = 3C81D9022872C80700B7270E /* AppDelegate.swift */; };
		3C81D9052872C80700B7270E /* SceneDelegate.swift in Sources */ = {isa = PBXBuildFile; fileRef = 3C81D9042872C80700B7270E /* SceneDelegate.swift */; };
		3C81D9072872C80700B7270E /* LoginViewController.swift in Sources */ = {isa = PBXBuildFile; fileRef = 3C81D9062872C80700B7270E /* LoginViewController.swift */; };
		3C81D90A2872C80700B7270E /* Main.storyboard in Resources */ = {isa = PBXBuildFile; fileRef = 3C81D9082872C80700B7270E /* Main.storyboard */; };
		3C81D90C2872C80900B7270E /* Assets.xcassets in Resources */ = {isa = PBXBuildFile; fileRef = 3C81D90B2872C80900B7270E /* Assets.xcassets */; };
		3C81D90F2872C80900B7270E /* LaunchScreen.storyboard in Resources */ = {isa = PBXBuildFile; fileRef = 3C81D90D2872C80900B7270E /* LaunchScreen.storyboard */; };
		3C81D9212879D07D00B7270E /* Alamofire in Frameworks */ = {isa = PBXBuildFile; productRef = 3C81D9202879D07D00B7270E /* Alamofire */; };
		3C81D9232879D0BF00B7270E /* LoginService.swift in Sources */ = {isa = PBXBuildFile; fileRef = 3C81D9222879D0BF00B7270E /* LoginService.swift */; };
		3C81D9252879D37300B7270E /* LoginModel.swift in Sources */ = {isa = PBXBuildFile; fileRef = 3C81D9242879D37300B7270E /* LoginModel.swift */; };
		3C81D9272879D52E00B7270E /* LoginViewModel.swift in Sources */ = {isa = PBXBuildFile; fileRef = 3C81D9262879D52E00B7270E /* LoginViewModel.swift */; };
		3CB7363F287C5FD900CC2547 /* ReservationsViewController.swift in Sources */ = {isa = PBXBuildFile; fileRef = 3CB7363E287C5FD900CC2547 /* ReservationsViewController.swift */; };
		3CB73641287C6AD000CC2547 /* ProfileViewController.swift in Sources */ = {isa = PBXBuildFile; fileRef = 3CB73640287C6AD000CC2547 /* ProfileViewController.swift */; };
		3CB73643287C6C5800CC2547 /* ProfileViewModel.swift in Sources */ = {isa = PBXBuildFile; fileRef = 3CB73642287C6C5800CC2547 /* ProfileViewModel.swift */; };
		3CB73645287C6F1F00CC2547 /* StationsViewModel.swift in Sources */ = {isa = PBXBuildFile; fileRef = 3CB73644287C6F1F00CC2547 /* StationsViewModel.swift */; };
		3CB73648287DC60600CC2547 /* UserManager.swift in Sources */ = {isa = PBXBuildFile; fileRef = 3CB73647287DC60600CC2547 /* UserManager.swift */; };
		3CB7364A287DC6AE00CC2547 /* UserViewModel.swift in Sources */ = {isa = PBXBuildFile; fileRef = 3CB73649287DC6AE00CC2547 /* UserViewModel.swift */; };
		3CB7364C2880769E00CC2547 /* CitiesViewController.swift in Sources */ = {isa = PBXBuildFile; fileRef = 3CB7364B2880769E00CC2547 /* CitiesViewController.swift */; };
		3CB7364E28807AF600CC2547 /* CitiesViewModel.swift in Sources */ = {isa = PBXBuildFile; fileRef = 3CB7364D28807AF600CC2547 /* CitiesViewModel.swift */; };
		3CB7365028807B0200CC2547 /* CitiesService.swift in Sources */ = {isa = PBXBuildFile; fileRef = 3CB7364F28807B0200CC2547 /* CitiesService.swift */; };
		3CB7365228818FDE00CC2547 /* StationsViewController.swift in Sources */ = {isa = PBXBuildFile; fileRef = 3CB7365128818FDE00CC2547 /* StationsViewController.swift */; };
		3CB736552881901C00CC2547 /* ReservationTableViewCell.swift in Sources */ = {isa = PBXBuildFile; fileRef = 3CB736532881901C00CC2547 /* ReservationTableViewCell.swift */; };
		3CB736582881979500CC2547 /* StationsService.swift in Sources */ = {isa = PBXBuildFile; fileRef = 3CB736572881979500CC2547 /* StationsService.swift */; };
		3CB7365A288197FB00CC2547 /* ReservationModel.swift in Sources */ = {isa = PBXBuildFile; fileRef = 3CB73659288197FB00CC2547 /* ReservationModel.swift */; };
		3CB7365D2881FE1A00CC2547 /* StationsViewViewModel.swift in Sources */ = {isa = PBXBuildFile; fileRef = 3CB7365C2881FE1A00CC2547 /* StationsViewViewModel.swift */; };
		3CB7365F2882DEDD00CC2547 /* ReservationTableViewCell.xib in Resources */ = {isa = PBXBuildFile; fileRef = 3CB7365E2882DEDC00CC2547 /* ReservationTableViewCell.xib */; };
		3CB736612883338200CC2547 /* ProfileService.swift in Sources */ = {isa = PBXBuildFile; fileRef = 3CB736602883338200CC2547 /* ProfileService.swift */; };
		3CB736632884315A00CC2547 /* SocketSelectionViewController.swift in Sources */ = {isa = PBXBuildFile; fileRef = 3CB736622884315900CC2547 /* SocketSelectionViewController.swift */; };
		3CB73666288435D900CC2547 /* SocketTableViewCell.swift in Sources */ = {isa = PBXBuildFile; fileRef = 3CB73664288435D900CC2547 /* SocketTableViewCell.swift */; };
		3CB73667288435D900CC2547 /* SocketTableViewCell.xib in Resources */ = {isa = PBXBuildFile; fileRef = 3CB73665288435D900CC2547 /* SocketTableViewCell.xib */; };
		3CB73669288437CC00CC2547 /* SocketService.swift in Sources */ = {isa = PBXBuildFile; fileRef = 3CB73668288437CC00CC2547 /* SocketService.swift */; };
		3CB7366B28846D5500CC2547 /* SocketModel.swift in Sources */ = {isa = PBXBuildFile; fileRef = 3CB7366A28846D5500CC2547 /* SocketModel.swift */; };
		3CB7366D288471C400CC2547 /* SocketSelectionViewModel.swift in Sources */ = {isa = PBXBuildFile; fileRef = 3CB7366C288471C400CC2547 /* SocketSelectionViewModel.swift */; };
/* End PBXBuildFile section */

/* Begin PBXFileReference section */
		3C81D8FF2872C80700B7270E /* Charger.app */ = {isa = PBXFileReference; explicitFileType = wrapper.application; includeInIndex = 0; path = Charger.app; sourceTree = BUILT_PRODUCTS_DIR; };
		3C81D9022872C80700B7270E /* AppDelegate.swift */ = {isa = PBXFileReference; lastKnownFileType = sourcecode.swift; path = AppDelegate.swift; sourceTree = "<group>"; };
		3C81D9042872C80700B7270E /* SceneDelegate.swift */ = {isa = PBXFileReference; lastKnownFileType = sourcecode.swift; path = SceneDelegate.swift; sourceTree = "<group>"; };
		3C81D9062872C80700B7270E /* LoginViewController.swift */ = {isa = PBXFileReference; lastKnownFileType = sourcecode.swift; path = LoginViewController.swift; sourceTree = "<group>"; };
		3C81D9092872C80700B7270E /* Base */ = {isa = PBXFileReference; lastKnownFileType = file.storyboard; name = Base; path = Base.lproj/Main.storyboard; sourceTree = "<group>"; };
		3C81D90B2872C80900B7270E /* Assets.xcassets */ = {isa = PBXFileReference; lastKnownFileType = folder.assetcatalog; path = Assets.xcassets; sourceTree = "<group>"; };
		3C81D90E2872C80900B7270E /* Base */ = {isa = PBXFileReference; lastKnownFileType = file.storyboard; name = Base; path = Base.lproj/LaunchScreen.storyboard; sourceTree = "<group>"; };
		3C81D9102872C80900B7270E /* Info.plist */ = {isa = PBXFileReference; lastKnownFileType = text.plist.xml; path = Info.plist; sourceTree = "<group>"; };
		3C81D9222879D0BF00B7270E /* LoginService.swift */ = {isa = PBXFileReference; lastKnownFileType = sourcecode.swift; path = LoginService.swift; sourceTree = "<group>"; };
		3C81D9242879D37300B7270E /* LoginModel.swift */ = {isa = PBXFileReference; lastKnownFileType = sourcecode.swift; path = LoginModel.swift; sourceTree = "<group>"; };
		3C81D9262879D52E00B7270E /* LoginViewModel.swift */ = {isa = PBXFileReference; lastKnownFileType = sourcecode.swift; path = LoginViewModel.swift; sourceTree = "<group>"; };
		3CB7363E287C5FD900CC2547 /* ReservationsViewController.swift */ = {isa = PBXFileReference; lastKnownFileType = sourcecode.swift; path = ReservationsViewController.swift; sourceTree = "<group>"; };
		3CB73640287C6AD000CC2547 /* ProfileViewController.swift */ = {isa = PBXFileReference; lastKnownFileType = sourcecode.swift; path = ProfileViewController.swift; sourceTree = "<group>"; };
		3CB73642287C6C5800CC2547 /* ProfileViewModel.swift */ = {isa = PBXFileReference; lastKnownFileType = sourcecode.swift; path = ProfileViewModel.swift; sourceTree = "<group>"; };
		3CB73644287C6F1F00CC2547 /* StationsViewModel.swift */ = {isa = PBXFileReference; lastKnownFileType = sourcecode.swift; path = StationsViewModel.swift; sourceTree = "<group>"; };
		3CB73647287DC60600CC2547 /* UserManager.swift */ = {isa = PBXFileReference; lastKnownFileType = sourcecode.swift; path = UserManager.swift; sourceTree = "<group>"; };
		3CB73649287DC6AE00CC2547 /* UserViewModel.swift */ = {isa = PBXFileReference; lastKnownFileType = sourcecode.swift; path = UserViewModel.swift; sourceTree = "<group>"; };
		3CB7364B2880769E00CC2547 /* CitiesViewController.swift */ = {isa = PBXFileReference; lastKnownFileType = sourcecode.swift; path = CitiesViewController.swift; sourceTree = "<group>"; };
		3CB7364D28807AF600CC2547 /* CitiesViewModel.swift */ = {isa = PBXFileReference; lastKnownFileType = sourcecode.swift; path = CitiesViewModel.swift; sourceTree = "<group>"; };
		3CB7364F28807B0200CC2547 /* CitiesService.swift */ = {isa = PBXFileReference; lastKnownFileType = sourcecode.swift; path = CitiesService.swift; sourceTree = "<group>"; };
		3CB7365128818FDE00CC2547 /* StationsViewController.swift */ = {isa = PBXFileReference; lastKnownFileType = sourcecode.swift; path = StationsViewController.swift; sourceTree = "<group>"; };
		3CB736532881901C00CC2547 /* ReservationTableViewCell.swift */ = {isa = PBXFileReference; lastKnownFileType = sourcecode.swift; path = ReservationTableViewCell.swift; sourceTree = "<group>"; };
		3CB736572881979500CC2547 /* StationsService.swift */ = {isa = PBXFileReference; lastKnownFileType = sourcecode.swift; path = StationsService.swift; sourceTree = "<group>"; };
		3CB73659288197FB00CC2547 /* ReservationModel.swift */ = {isa = PBXFileReference; lastKnownFileType = sourcecode.swift; path = ReservationModel.swift; sourceTree = "<group>"; };
		3CB7365C2881FE1A00CC2547 /* StationsViewViewModel.swift */ = {isa = PBXFileReference; lastKnownFileType = sourcecode.swift; path = StationsViewViewModel.swift; sourceTree = "<group>"; };
		3CB7365E2882DEDC00CC2547 /* ReservationTableViewCell.xib */ = {isa = PBXFileReference; fileEncoding = 4; lastKnownFileType = file.xib; path = ReservationTableViewCell.xib; sourceTree = "<group>"; };
		3CB736602883338200CC2547 /* ProfileService.swift */ = {isa = PBXFileReference; lastKnownFileType = sourcecode.swift; path = ProfileService.swift; sourceTree = "<group>"; };
		3CB736622884315900CC2547 /* SocketSelectionViewController.swift */ = {isa = PBXFileReference; lastKnownFileType = sourcecode.swift; path = SocketSelectionViewController.swift; sourceTree = "<group>"; };
		3CB73664288435D900CC2547 /* SocketTableViewCell.swift */ = {isa = PBXFileReference; lastKnownFileType = sourcecode.swift; path = SocketTableViewCell.swift; sourceTree = "<group>"; };
		3CB73665288435D900CC2547 /* SocketTableViewCell.xib */ = {isa = PBXFileReference; lastKnownFileType = file.xib; path = SocketTableViewCell.xib; sourceTree = "<group>"; };
		3CB73668288437CC00CC2547 /* SocketService.swift */ = {isa = PBXFileReference; lastKnownFileType = sourcecode.swift; path = SocketService.swift; sourceTree = "<group>"; };
		3CB7366A28846D5500CC2547 /* SocketModel.swift */ = {isa = PBXFileReference; lastKnownFileType = sourcecode.swift; path = SocketModel.swift; sourceTree = "<group>"; };
		3CB7366C288471C400CC2547 /* SocketSelectionViewModel.swift */ = {isa = PBXFileReference; lastKnownFileType = sourcecode.swift; path = SocketSelectionViewModel.swift; sourceTree = "<group>"; };
/* End PBXFileReference section */

/* Begin PBXFrameworksBuildPhase section */
		3C81D8FC2872C80700B7270E /* Frameworks */ = {
			isa = PBXFrameworksBuildPhase;
			buildActionMask = 2147483647;
			files = (
				3C81D9212879D07D00B7270E /* Alamofire in Frameworks */,
			);
			runOnlyForDeploymentPostprocessing = 0;
		};
/* End PBXFrameworksBuildPhase section */

/* Begin PBXGroup section */
		3C81D8F62872C80700B7270E = {
			isa = PBXGroup;
			children = (
				3C81D9012872C80700B7270E /* Charger */,
				3C81D9002872C80700B7270E /* Products */,
			);
			sourceTree = "<group>";
		};
		3C81D9002872C80700B7270E /* Products */ = {
			isa = PBXGroup;
			children = (
				3C81D8FF2872C80700B7270E /* Charger.app */,
			);
			name = Products;
			sourceTree = "<group>";
		};
		3C81D9012872C80700B7270E /* Charger */ = {
			isa = PBXGroup;
			children = (
				3C81D9022872C80700B7270E /* AppDelegate.swift */,
				3C81D9042872C80700B7270E /* SceneDelegate.swift */,
				3CB73647287DC60600CC2547 /* UserManager.swift */,
				3C81D91D2879CFCA00B7270E /* Models */,
				3C81D91C2879CFBB00B7270E /* ViewModels */,
				3C81D9162872D29000B7270E /* ViewControllers */,
				3C81D91B2879CFAF00B7270E /* View */,
				3C81D90B2872C80900B7270E /* Assets.xcassets */,
				3C81D90D2872C80900B7270E /* LaunchScreen.storyboard */,
				3C81D9102872C80900B7270E /* Info.plist */,
			);
			path = Charger;
			sourceTree = "<group>";
		};
		3C81D9162872D29000B7270E /* ViewControllers */ = {
			isa = PBXGroup;
			children = (
				3C81D9062872C80700B7270E /* LoginViewController.swift */,
				3CB7363E287C5FD900CC2547 /* ReservationsViewController.swift */,
				3CB73640287C6AD000CC2547 /* ProfileViewController.swift */,
				3CB7364B2880769E00CC2547 /* CitiesViewController.swift */,
				3CB7365128818FDE00CC2547 /* StationsViewController.swift */,
				3CB736622884315900CC2547 /* SocketSelectionViewController.swift */,
			);
			path = ViewControllers;
			sourceTree = "<group>";
		};
		3C81D91B2879CFAF00B7270E /* View */ = {
			isa = PBXGroup;
			children = (
				3C81D9082872C80700B7270E /* Main.storyboard */,
				3CB7365E2882DEDC00CC2547 /* ReservationTableViewCell.xib */,
				3CB736532881901C00CC2547 /* ReservationTableViewCell.swift */,
				3CB73664288435D900CC2547 /* SocketTableViewCell.swift */,
				3CB73665288435D900CC2547 /* SocketTableViewCell.xib */,
			);
			path = View;
			sourceTree = "<group>";
		};
		3C81D91C2879CFBB00B7270E /* ViewModels */ = {
			isa = PBXGroup;
			children = (
				3C81D9262879D52E00B7270E /* LoginViewModel.swift */,
				3CB73642287C6C5800CC2547 /* ProfileViewModel.swift */,
				3CB73644287C6F1F00CC2547 /* StationsViewModel.swift */,
				3CB7364D28807AF600CC2547 /* CitiesViewModel.swift */,
				3CB7366C288471C400CC2547 /* SocketSelectionViewModel.swift */,
			);
			path = ViewModels;
			sourceTree = "<group>";
		};
		3C81D91D2879CFCA00B7270E /* Models */ = {
			isa = PBXGroup;
			children = (
				3C81D9242879D37300B7270E /* LoginModel.swift */,
				3CB73659288197FB00CC2547 /* ReservationModel.swift */,
				3CB7366A28846D5500CC2547 /* SocketModel.swift */,
				3CB7365B2881FDF900CC2547 /* View ViewModels */,
				3C81D91E2879CFD500B7270E /* Services */,
			);
			path = Models;
			sourceTree = "<group>";
		};
		3C81D91E2879CFD500B7270E /* Services */ = {
			isa = PBXGroup;
			children = (
				3C81D9222879D0BF00B7270E /* LoginService.swift */,
				3CB7364F28807B0200CC2547 /* CitiesService.swift */,
				3CB736572881979500CC2547 /* StationsService.swift */,
				3CB736602883338200CC2547 /* ProfileService.swift */,
				3CB73668288437CC00CC2547 /* SocketService.swift */,
			);
			path = Services;
			sourceTree = "<group>";
		};
		3CB7365B2881FDF900CC2547 /* View ViewModels */ = {
			isa = PBXGroup;
			children = (
				3CB73649287DC6AE00CC2547 /* UserViewModel.swift */,
				3CB7365C2881FE1A00CC2547 /* StationsViewViewModel.swift */,
			);
			path = "View ViewModels";
			sourceTree = "<group>";
		};
/* End PBXGroup section */

/* Begin PBXNativeTarget section */
		3C81D8FE2872C80700B7270E /* Charger */ = {
			isa = PBXNativeTarget;
			buildConfigurationList = 3C81D9132872C80900B7270E /* Build configuration list for PBXNativeTarget "Charger" */;
			buildPhases = (
				3C81D8FB2872C80700B7270E /* Sources */,
				3C81D8FC2872C80700B7270E /* Frameworks */,
				3C81D8FD2872C80700B7270E /* Resources */,
			);
			buildRules = (
			);
			dependencies = (
			);
			name = Charger;
			packageProductDependencies = (
				3C81D9202879D07D00B7270E /* Alamofire */,
			);
			productName = Charger;
			productReference = 3C81D8FF2872C80700B7270E /* Charger.app */;
			productType = "com.apple.product-type.application";
		};
/* End PBXNativeTarget section */

/* Begin PBXProject section */
		3C81D8F72872C80700B7270E /* Project object */ = {
			isa = PBXProject;
			attributes = {
				BuildIndependentTargetsInParallel = 1;
				LastSwiftUpdateCheck = 1300;
				LastUpgradeCheck = 1300;
				TargetAttributes = {
					3C81D8FE2872C80700B7270E = {
						CreatedOnToolsVersion = 13.0;
					};
				};
			};
			buildConfigurationList = 3C81D8FA2872C80700B7270E /* Build configuration list for PBXProject "Charger" */;
			compatibilityVersion = "Xcode 13.0";
			developmentRegion = en;
			hasScannedForEncodings = 0;
			knownRegions = (
				en,
				Base,
			);
			mainGroup = 3C81D8F62872C80700B7270E;
			packageReferences = (
				3C81D91F2879D07D00B7270E /* XCRemoteSwiftPackageReference "Alamofire" */,
			);
			productRefGroup = 3C81D9002872C80700B7270E /* Products */;
			projectDirPath = "";
			projectRoot = "";
			targets = (
				3C81D8FE2872C80700B7270E /* Charger */,
			);
		};
/* End PBXProject section */

/* Begin PBXResourcesBuildPhase section */
		3C81D8FD2872C80700B7270E /* Resources */ = {
			isa = PBXResourcesBuildPhase;
			buildActionMask = 2147483647;
			files = (
				3C81D90F2872C80900B7270E /* LaunchScreen.storyboard in Resources */,
				3C81D90C2872C80900B7270E /* Assets.xcassets in Resources */,
				3CB7365F2882DEDD00CC2547 /* ReservationTableViewCell.xib in Resources */,
				3C81D90A2872C80700B7270E /* Main.storyboard in Resources */,
				3CB73667288435D900CC2547 /* SocketTableViewCell.xib in Resources */,
			);
			runOnlyForDeploymentPostprocessing = 0;
		};
/* End PBXResourcesBuildPhase section */

/* Begin PBXSourcesBuildPhase section */
		3C81D8FB2872C80700B7270E /* Sources */ = {
			isa = PBXSourcesBuildPhase;
			buildActionMask = 2147483647;
			files = (
				3CB73666288435D900CC2547 /* SocketTableViewCell.swift in Sources */,
				3CB736582881979500CC2547 /* StationsService.swift in Sources */,
				3C81D9252879D37300B7270E /* LoginModel.swift in Sources */,
				3CB7364A287DC6AE00CC2547 /* UserViewModel.swift in Sources */,
				3C81D9072872C80700B7270E /* LoginViewController.swift in Sources */,
				3CB7364E28807AF600CC2547 /* CitiesViewModel.swift in Sources */,
				3CB7365A288197FB00CC2547 /* ReservationModel.swift in Sources */,
				3CB7363F287C5FD900CC2547 /* ReservationsViewController.swift in Sources */,
				3CB7366B28846D5500CC2547 /* SocketModel.swift in Sources */,
				3CB73669288437CC00CC2547 /* SocketService.swift in Sources */,
				3CB736552881901C00CC2547 /* ReservationTableViewCell.swift in Sources */,
				3CB7365228818FDE00CC2547 /* StationsViewController.swift in Sources */,
				3CB73645287C6F1F00CC2547 /* StationsViewModel.swift in Sources */,
				3CB73643287C6C5800CC2547 /* ProfileViewModel.swift in Sources */,
				3CB7366D288471C400CC2547 /* SocketSelectionViewModel.swift in Sources */,
				3C81D9272879D52E00B7270E /* LoginViewModel.swift in Sources */,
				3C81D9032872C80700B7270E /* AppDelegate.swift in Sources */,
				3C81D9052872C80700B7270E /* SceneDelegate.swift in Sources */,
				3CB736632884315A00CC2547 /* SocketSelectionViewController.swift in Sources */,
				3CB7365D2881FE1A00CC2547 /* StationsViewViewModel.swift in Sources */,
				3CB73641287C6AD000CC2547 /* ProfileViewController.swift in Sources */,
				3CB73648287DC60600CC2547 /* UserManager.swift in Sources */,
				3C81D9232879D0BF00B7270E /* LoginService.swift in Sources */,
				3CB7364C2880769E00CC2547 /* CitiesViewController.swift in Sources */,
				3CB7365028807B0200CC2547 /* CitiesService.swift in Sources */,
				3CB736612883338200CC2547 /* ProfileService.swift in Sources */,
			);
			runOnlyForDeploymentPostprocessing = 0;
		};
/* End PBXSourcesBuildPhase section */

/* Begin PBXVariantGroup section */
		3C81D9082872C80700B7270E /* Main.storyboard */ = {
			isa = PBXVariantGroup;
			children = (
				3C81D9092872C80700B7270E /* Base */,
			);
			name = Main.storyboard;
			sourceTree = "<group>";
		};
		3C81D90D2872C80900B7270E /* LaunchScreen.storyboard */ = {
			isa = PBXVariantGroup;
			children = (
				3C81D90E2872C80900B7270E /* Base */,
			);
			name = LaunchScreen.storyboard;
			sourceTree = "<group>";
		};
/* End PBXVariantGroup section */

/* Begin XCBuildConfiguration section */
		3C81D9112872C80900B7270E /* Debug */ = {
			isa = XCBuildConfiguration;
			buildSettings = {
				ALWAYS_SEARCH_USER_PATHS = NO;
				CLANG_ANALYZER_NONNULL = YES;
				CLANG_ANALYZER_NUMBER_OBJECT_CONVERSION = YES_AGGRESSIVE;
				CLANG_CXX_LANGUAGE_STANDARD = "gnu++17";
				CLANG_CXX_LIBRARY = "libc++";
				CLANG_ENABLE_MODULES = YES;
				CLANG_ENABLE_OBJC_ARC = YES;
				CLANG_ENABLE_OBJC_WEAK = YES;
				CLANG_WARN_BLOCK_CAPTURE_AUTORELEASING = YES;
				CLANG_WARN_BOOL_CONVERSION = YES;
				CLANG_WARN_COMMA = YES;
				CLANG_WARN_CONSTANT_CONVERSION = YES;
				CLANG_WARN_DEPRECATED_OBJC_IMPLEMENTATIONS = YES;
				CLANG_WARN_DIRECT_OBJC_ISA_USAGE = YES_ERROR;
				CLANG_WARN_DOCUMENTATION_COMMENTS = YES;
				CLANG_WARN_EMPTY_BODY = YES;
				CLANG_WARN_ENUM_CONVERSION = YES;
				CLANG_WARN_INFINITE_RECURSION = YES;
				CLANG_WARN_INT_CONVERSION = YES;
				CLANG_WARN_NON_LITERAL_NULL_CONVERSION = YES;
				CLANG_WARN_OBJC_IMPLICIT_RETAIN_SELF = YES;
				CLANG_WARN_OBJC_LITERAL_CONVERSION = YES;
				CLANG_WARN_OBJC_ROOT_CLASS = YES_ERROR;
				CLANG_WARN_QUOTED_INCLUDE_IN_FRAMEWORK_HEADER = YES;
				CLANG_WARN_RANGE_LOOP_ANALYSIS = YES;
				CLANG_WARN_STRICT_PROTOTYPES = YES;
				CLANG_WARN_SUSPICIOUS_MOVE = YES;
				CLANG_WARN_UNGUARDED_AVAILABILITY = YES_AGGRESSIVE;
				CLANG_WARN_UNREACHABLE_CODE = YES;
				CLANG_WARN__DUPLICATE_METHOD_MATCH = YES;
				COPY_PHASE_STRIP = NO;
				DEBUG_INFORMATION_FORMAT = dwarf;
				ENABLE_STRICT_OBJC_MSGSEND = YES;
				ENABLE_TESTABILITY = YES;
				GCC_C_LANGUAGE_STANDARD = gnu11;
				GCC_DYNAMIC_NO_PIC = NO;
				GCC_NO_COMMON_BLOCKS = YES;
				GCC_OPTIMIZATION_LEVEL = 0;
				GCC_PREPROCESSOR_DEFINITIONS = (
					"DEBUG=1",
					"$(inherited)",
				);
				GCC_WARN_64_TO_32_BIT_CONVERSION = YES;
				GCC_WARN_ABOUT_RETURN_TYPE = YES_ERROR;
				GCC_WARN_UNDECLARED_SELECTOR = YES;
				GCC_WARN_UNINITIALIZED_AUTOS = YES_AGGRESSIVE;
				GCC_WARN_UNUSED_FUNCTION = YES;
				GCC_WARN_UNUSED_VARIABLE = YES;
				IPHONEOS_DEPLOYMENT_TARGET = 15.0;
				MTL_ENABLE_DEBUG_INFO = INCLUDE_SOURCE;
				MTL_FAST_MATH = YES;
				ONLY_ACTIVE_ARCH = YES;
				SDKROOT = iphoneos;
				SWIFT_ACTIVE_COMPILATION_CONDITIONS = DEBUG;
				SWIFT_OPTIMIZATION_LEVEL = "-Onone";
			};
			name = Debug;
		};
		3C81D9122872C80900B7270E /* Release */ = {
			isa = XCBuildConfiguration;
			buildSettings = {
				ALWAYS_SEARCH_USER_PATHS = NO;
				CLANG_ANALYZER_NONNULL = YES;
				CLANG_ANALYZER_NUMBER_OBJECT_CONVERSION = YES_AGGRESSIVE;
				CLANG_CXX_LANGUAGE_STANDARD = "gnu++17";
				CLANG_CXX_LIBRARY = "libc++";
				CLANG_ENABLE_MODULES = YES;
				CLANG_ENABLE_OBJC_ARC = YES;
				CLANG_ENABLE_OBJC_WEAK = YES;
				CLANG_WARN_BLOCK_CAPTURE_AUTORELEASING = YES;
				CLANG_WARN_BOOL_CONVERSION = YES;
				CLANG_WARN_COMMA = YES;
				CLANG_WARN_CONSTANT_CONVERSION = YES;
				CLANG_WARN_DEPRECATED_OBJC_IMPLEMENTATIONS = YES;
				CLANG_WARN_DIRECT_OBJC_ISA_USAGE = YES_ERROR;
				CLANG_WARN_DOCUMENTATION_COMMENTS = YES;
				CLANG_WARN_EMPTY_BODY = YES;
				CLANG_WARN_ENUM_CONVERSION = YES;
				CLANG_WARN_INFINITE_RECURSION = YES;
				CLANG_WARN_INT_CONVERSION = YES;
				CLANG_WARN_NON_LITERAL_NULL_CONVERSION = YES;
				CLANG_WARN_OBJC_IMPLICIT_RETAIN_SELF = YES;
				CLANG_WARN_OBJC_LITERAL_CONVERSION = YES;
				CLANG_WARN_OBJC_ROOT_CLASS = YES_ERROR;
				CLANG_WARN_QUOTED_INCLUDE_IN_FRAMEWORK_HEADER = YES;
				CLANG_WARN_RANGE_LOOP_ANALYSIS = YES;
				CLANG_WARN_STRICT_PROTOTYPES = YES;
				CLANG_WARN_SUSPICIOUS_MOVE = YES;
				CLANG_WARN_UNGUARDED_AVAILABILITY = YES_AGGRESSIVE;
				CLANG_WARN_UNREACHABLE_CODE = YES;
				CLANG_WARN__DUPLICATE_METHOD_MATCH = YES;
				COPY_PHASE_STRIP = NO;
				DEBUG_INFORMATION_FORMAT = "dwarf-with-dsym";
				ENABLE_NS_ASSERTIONS = NO;
				ENABLE_STRICT_OBJC_MSGSEND = YES;
				GCC_C_LANGUAGE_STANDARD = gnu11;
				GCC_NO_COMMON_BLOCKS = YES;
				GCC_WARN_64_TO_32_BIT_CONVERSION = YES;
				GCC_WARN_ABOUT_RETURN_TYPE = YES_ERROR;
				GCC_WARN_UNDECLARED_SELECTOR = YES;
				GCC_WARN_UNINITIALIZED_AUTOS = YES_AGGRESSIVE;
				GCC_WARN_UNUSED_FUNCTION = YES;
				GCC_WARN_UNUSED_VARIABLE = YES;
				IPHONEOS_DEPLOYMENT_TARGET = 15.0;
				MTL_ENABLE_DEBUG_INFO = NO;
				MTL_FAST_MATH = YES;
				SDKROOT = iphoneos;
				SWIFT_COMPILATION_MODE = wholemodule;
				SWIFT_OPTIMIZATION_LEVEL = "-O";
				VALIDATE_PRODUCT = YES;
			};
			name = Release;
		};
		3C81D9142872C80900B7270E /* Debug */ = {
			isa = XCBuildConfiguration;
			buildSettings = {
				ASSETCATALOG_COMPILER_APPICON_NAME = AppIcon;
				ASSETCATALOG_COMPILER_GLOBAL_ACCENT_COLOR_NAME = AccentColor;
				CODE_SIGN_STYLE = Automatic;
				CURRENT_PROJECT_VERSION = 1;
				DEVELOPMENT_TEAM = 43D43C68XD;
				GENERATE_INFOPLIST_FILE = YES;
				INFOPLIST_FILE = Charger/Info.plist;
				INFOPLIST_KEY_UIApplicationSupportsIndirectInputEvents = YES;
				INFOPLIST_KEY_UILaunchStoryboardName = LaunchScreen;
				INFOPLIST_KEY_UIMainStoryboardFile = Main;
				INFOPLIST_KEY_UISupportedInterfaceOrientations_iPad = "UIInterfaceOrientationPortrait UIInterfaceOrientationPortraitUpsideDown UIInterfaceOrientationLandscapeLeft UIInterfaceOrientationLandscapeRight";
				INFOPLIST_KEY_UISupportedInterfaceOrientations_iPhone = "UIInterfaceOrientationPortrait UIInterfaceOrientationLandscapeLeft UIInterfaceOrientationLandscapeRight";
				LD_RUNPATH_SEARCH_PATHS = (
					"$(inherited)",
					"@executable_path/Frameworks",
				);
				MARKETING_VERSION = 1.0;
				PRODUCT_BUNDLE_IDENTIFIER = com.bers.Charger;
				PRODUCT_NAME = "$(TARGET_NAME)";
				SWIFT_EMIT_LOC_STRINGS = YES;
				SWIFT_VERSION = 5.0;
				TARGETED_DEVICE_FAMILY = "1,2";
			};
			name = Debug;
		};
		3C81D9152872C80900B7270E /* Release */ = {
			isa = XCBuildConfiguration;
			buildSettings = {
				ASSETCATALOG_COMPILER_APPICON_NAME = AppIcon;
				ASSETCATALOG_COMPILER_GLOBAL_ACCENT_COLOR_NAME = AccentColor;
				CODE_SIGN_STYLE = Automatic;
				CURRENT_PROJECT_VERSION = 1;
				DEVELOPMENT_TEAM = 43D43C68XD;
				GENERATE_INFOPLIST_FILE = YES;
				INFOPLIST_FILE = Charger/Info.plist;
				INFOPLIST_KEY_UIApplicationSupportsIndirectInputEvents = YES;
				INFOPLIST_KEY_UILaunchStoryboardName = LaunchScreen;
				INFOPLIST_KEY_UIMainStoryboardFile = Main;
				INFOPLIST_KEY_UISupportedInterfaceOrientations_iPad = "UIInterfaceOrientationPortrait UIInterfaceOrientationPortraitUpsideDown UIInterfaceOrientationLandscapeLeft UIInterfaceOrientationLandscapeRight";
				INFOPLIST_KEY_UISupportedInterfaceOrientations_iPhone = "UIInterfaceOrientationPortrait UIInterfaceOrientationLandscapeLeft UIInterfaceOrientationLandscapeRight";
				LD_RUNPATH_SEARCH_PATHS = (
					"$(inherited)",
					"@executable_path/Frameworks",
				);
				MARKETING_VERSION = 1.0;
				PRODUCT_BUNDLE_IDENTIFIER = com.bers.Charger;
				PRODUCT_NAME = "$(TARGET_NAME)";
				SWIFT_EMIT_LOC_STRINGS = YES;
				SWIFT_VERSION = 5.0;
				TARGETED_DEVICE_FAMILY = "1,2";
			};
			name = Release;
		};
/* End XCBuildConfiguration section */

/* Begin XCConfigurationList section */
		3C81D8FA2872C80700B7270E /* Build configuration list for PBXProject "Charger" */ = {
			isa = XCConfigurationList;
			buildConfigurations = (
				3C81D9112872C80900B7270E /* Debug */,
				3C81D9122872C80900B7270E /* Release */,
			);
			defaultConfigurationIsVisible = 0;
			defaultConfigurationName = Release;
		};
		3C81D9132872C80900B7270E /* Build configuration list for PBXNativeTarget "Charger" */ = {
			isa = XCConfigurationList;
			buildConfigurations = (
				3C81D9142872C80900B7270E /* Debug */,
				3C81D9152872C80900B7270E /* Release */,
			);
			defaultConfigurationIsVisible = 0;
			defaultConfigurationName = Release;
		};
/* End XCConfigurationList section */

/* Begin XCRemoteSwiftPackageReference section */
		3C81D91F2879D07D00B7270E /* XCRemoteSwiftPackageReference "Alamofire" */ = {
			isa = XCRemoteSwiftPackageReference;
			repositoryURL = "https://github.com/Alamofire/Alamofire.git";
			requirement = {
				kind = upToNextMajorVersion;
				minimumVersion = 5.0.0;
			};
		};
/* End XCRemoteSwiftPackageReference section */

/* Begin XCSwiftPackageProductDependency section */
		3C81D9202879D07D00B7270E /* Alamofire */ = {
			isa = XCSwiftPackageProductDependency;
			package = 3C81D91F2879D07D00B7270E /* XCRemoteSwiftPackageReference "Alamofire" */;
			productName = Alamofire;
		};
/* End XCSwiftPackageProductDependency section */
	};
	rootObject = 3C81D8F72872C80700B7270E /* Project object */;
}
